// !$*UTF8*$!
{
	archiveVersion = 1;
	classes = {
	};
	objectVersion = 50;
	objects = {

/* Begin PBXBuildFile section */
		227AAA052393C8F400E8B475 /* UdacityClient.swift in Sources */ = {isa = PBXBuildFile; fileRef = 227AAA042393C8F400E8B475 /* UdacityClient.swift */; };
		227AAA082393CE1A00E8B475 /* LoginResponse.swift in Sources */ = {isa = PBXBuildFile; fileRef = 227AAA072393CE1A00E8B475 /* LoginResponse.swift */; };
		227AAA0A2393D86900E8B475 /* LoginRequest.swift in Sources */ = {isa = PBXBuildFile; fileRef = 227AAA092393D86900E8B475 /* LoginRequest.swift */; };
		22AC09BA23925F0000B09C2B /* AppDelegate.swift in Sources */ = {isa = PBXBuildFile; fileRef = 22AC09B923925F0000B09C2B /* AppDelegate.swift */; };
		22AC09BC23925F0000B09C2B /* SceneDelegate.swift in Sources */ = {isa = PBXBuildFile; fileRef = 22AC09BB23925F0000B09C2B /* SceneDelegate.swift */; };
		22AC09BE23925F0000B09C2B /* LoginViewController.swift in Sources */ = {isa = PBXBuildFile; fileRef = 22AC09BD23925F0000B09C2B /* LoginViewController.swift */; };
		22AC09C123925F0000B09C2B /* Main.storyboard in Resources */ = {isa = PBXBuildFile; fileRef = 22AC09BF23925F0000B09C2B /* Main.storyboard */; };
		22AC09C323925F0200B09C2B /* Assets.xcassets in Resources */ = {isa = PBXBuildFile; fileRef = 22AC09C223925F0200B09C2B /* Assets.xcassets */; };
		22AC09C623925F0200B09C2B /* LaunchScreen.storyboard in Resources */ = {isa = PBXBuildFile; fileRef = 22AC09C423925F0200B09C2B /* LaunchScreen.storyboard */; };
		22C13CC5239637CA00EEB569 /* UpdateStudentLocationResponse.swift in Sources */ = {isa = PBXBuildFile; fileRef = 22C13CC4239637CA00EEB569 /* UpdateStudentLocationResponse.swift */; };
		22D7A5BB2393E37F00766BEC /* ErrorResponse.swift in Sources */ = {isa = PBXBuildFile; fileRef = 22D7A5BA2393E37F00766BEC /* ErrorResponse.swift */; };
		22D7A5BE2393E94300766BEC /* MapViewController.swift in Sources */ = {isa = PBXBuildFile; fileRef = 22D7A5BD2393E94300766BEC /* MapViewController.swift */; };
		22D7A5C12393F04800766BEC /* StudentLocation.swift in Sources */ = {isa = PBXBuildFile; fileRef = 22D7A5C02393F04800766BEC /* StudentLocation.swift */; };
		22D7A5C32393F24400766BEC /* StudentLocationsResponse.swift in Sources */ = {isa = PBXBuildFile; fileRef = 22D7A5C22393F24400766BEC /* StudentLocationsResponse.swift */; };
		22D7A5C52393FA9F00766BEC /* ListViewController.swift in Sources */ = {isa = PBXBuildFile; fileRef = 22D7A5C42393FA9F00766BEC /* ListViewController.swift */; };
		22D7A5C9239411E100766BEC /* InputViewController.swift in Sources */ = {isa = PBXBuildFile; fileRef = 22D7A5C8239411E100766BEC /* InputViewController.swift */; };
		22D7A5CB23942BED00766BEC /* OTMModel.swift in Sources */ = {isa = PBXBuildFile; fileRef = 22D7A5CA23942BED00766BEC /* OTMModel.swift */; };
		22D7A5CD23942E0400766BEC /* CreateStudentLocationRequest.swift in Sources */ = {isa = PBXBuildFile; fileRef = 22D7A5CC23942E0400766BEC /* CreateStudentLocationRequest.swift */; };
		22D7A5D023942EC500766BEC /* CreateStudentLocationResponse.swift in Sources */ = {isa = PBXBuildFile; fileRef = 22D7A5CF23942EC500766BEC /* CreateStudentLocationResponse.swift */; };
		22D7A5D42394378100766BEC /* UserPublicDataResponse.swift in Sources */ = {isa = PBXBuildFile; fileRef = 22D7A5D32394378100766BEC /* UserPublicDataResponse.swift */; };
/* End PBXBuildFile section */

/* Begin PBXFileReference section */
		227AAA042393C8F400E8B475 /* UdacityClient.swift */ = {isa = PBXFileReference; lastKnownFileType = sourcecode.swift; path = UdacityClient.swift; sourceTree = "<group>"; };
		227AAA072393CE1A00E8B475 /* LoginResponse.swift */ = {isa = PBXFileReference; lastKnownFileType = sourcecode.swift; path = LoginResponse.swift; sourceTree = "<group>"; };
		227AAA092393D86900E8B475 /* LoginRequest.swift */ = {isa = PBXFileReference; lastKnownFileType = sourcecode.swift; path = LoginRequest.swift; sourceTree = "<group>"; };
		22AC09B623925F0000B09C2B /* On The Map.app */ = {isa = PBXFileReference; explicitFileType = wrapper.application; includeInIndex = 0; path = "On The Map.app"; sourceTree = BUILT_PRODUCTS_DIR; };
		22AC09B923925F0000B09C2B /* AppDelegate.swift */ = {isa = PBXFileReference; lastKnownFileType = sourcecode.swift; path = AppDelegate.swift; sourceTree = "<group>"; };
		22AC09BB23925F0000B09C2B /* SceneDelegate.swift */ = {isa = PBXFileReference; lastKnownFileType = sourcecode.swift; path = SceneDelegate.swift; sourceTree = "<group>"; };
		22AC09BD23925F0000B09C2B /* LoginViewController.swift */ = {isa = PBXFileReference; lastKnownFileType = sourcecode.swift; path = LoginViewController.swift; sourceTree = "<group>"; };
		22AC09C023925F0000B09C2B /* Base */ = {isa = PBXFileReference; lastKnownFileType = file.storyboard; name = Base; path = Base.lproj/Main.storyboard; sourceTree = "<group>"; };
		22AC09C223925F0200B09C2B /* Assets.xcassets */ = {isa = PBXFileReference; lastKnownFileType = folder.assetcatalog; path = Assets.xcassets; sourceTree = "<group>"; };
		22AC09C523925F0200B09C2B /* Base */ = {isa = PBXFileReference; lastKnownFileType = file.storyboard; name = Base; path = Base.lproj/LaunchScreen.storyboard; sourceTree = "<group>"; };
		22AC09C723925F0200B09C2B /* Info.plist */ = {isa = PBXFileReference; lastKnownFileType = text.plist.xml; path = Info.plist; sourceTree = "<group>"; };
		22C13CC4239637CA00EEB569 /* UpdateStudentLocationResponse.swift */ = {isa = PBXFileReference; lastKnownFileType = sourcecode.swift; path = UpdateStudentLocationResponse.swift; sourceTree = "<group>"; };
		22D7A5BA2393E37F00766BEC /* ErrorResponse.swift */ = {isa = PBXFileReference; lastKnownFileType = sourcecode.swift; path = ErrorResponse.swift; sourceTree = "<group>"; };
		22D7A5BD2393E94300766BEC /* MapViewController.swift */ = {isa = PBXFileReference; lastKnownFileType = sourcecode.swift; path = MapViewController.swift; sourceTree = "<group>"; };
		22D7A5C02393F04800766BEC /* StudentLocation.swift */ = {isa = PBXFileReference; lastKnownFileType = sourcecode.swift; path = StudentLocation.swift; sourceTree = "<group>"; };
		22D7A5C22393F24400766BEC /* StudentLocationsResponse.swift */ = {isa = PBXFileReference; lastKnownFileType = sourcecode.swift; path = StudentLocationsResponse.swift; sourceTree = "<group>"; };
		22D7A5C42393FA9F00766BEC /* ListViewController.swift */ = {isa = PBXFileReference; lastKnownFileType = sourcecode.swift; path = ListViewController.swift; sourceTree = "<group>"; };
		22D7A5C8239411E100766BEC /* InputViewController.swift */ = {isa = PBXFileReference; lastKnownFileType = sourcecode.swift; path = InputViewController.swift; sourceTree = "<group>"; };
		22D7A5CA23942BED00766BEC /* OTMModel.swift */ = {isa = PBXFileReference; lastKnownFileType = sourcecode.swift; path = OTMModel.swift; sourceTree = "<group>"; };
		22D7A5CC23942E0400766BEC /* CreateStudentLocationRequest.swift */ = {isa = PBXFileReference; lastKnownFileType = sourcecode.swift; path = CreateStudentLocationRequest.swift; sourceTree = "<group>"; };
		22D7A5CF23942EC500766BEC /* CreateStudentLocationResponse.swift */ = {isa = PBXFileReference; lastKnownFileType = sourcecode.swift; path = CreateStudentLocationResponse.swift; sourceTree = "<group>"; };
		22D7A5D32394378100766BEC /* UserPublicDataResponse.swift */ = {isa = PBXFileReference; lastKnownFileType = sourcecode.swift; path = UserPublicDataResponse.swift; sourceTree = "<group>"; };
/* End PBXFileReference section */

/* Begin PBXFrameworksBuildPhase section */
		22AC09B323925F0000B09C2B /* Frameworks */ = {
			isa = PBXFrameworksBuildPhase;
			buildActionMask = 2147483647;
			files = (
			);
			runOnlyForDeploymentPostprocessing = 0;
		};
/* End PBXFrameworksBuildPhase section */

/* Begin PBXGroup section */
		227AAA032393C8D900E8B475 /* Client */ = {
			isa = PBXGroup;
			children = (
				227AAA042393C8F400E8B475 /* UdacityClient.swift */,
			);
			path = Client;
			sourceTree = "<group>";
		};
		227AAA062393CDFF00E8B475 /* Response */ = {
			isa = PBXGroup;
			children = (
				227AAA072393CE1A00E8B475 /* LoginResponse.swift */,
				22D7A5BA2393E37F00766BEC /* ErrorResponse.swift */,
				22D7A5C22393F24400766BEC /* StudentLocationsResponse.swift */,
				22D7A5CF23942EC500766BEC /* CreateStudentLocationResponse.swift */,
				22C13CC4239637CA00EEB569 /* UpdateStudentLocationResponse.swift */,
				22D7A5D32394378100766BEC /* UserPublicDataResponse.swift */,
			);
			path = Response;
			sourceTree = "<group>";
		};
		22AC09AD23925F0000B09C2B = {
			isa = PBXGroup;
			children = (
				22AC09B823925F0000B09C2B /* On The Map */,
				22AC09B723925F0000B09C2B /* Products */,
			);
			sourceTree = "<group>";
		};
		22AC09B723925F0000B09C2B /* Products */ = {
			isa = PBXGroup;
			children = (
				22AC09B623925F0000B09C2B /* On The Map.app */,
			);
			name = Products;
			sourceTree = "<group>";
		};
		22AC09B823925F0000B09C2B /* On The Map */ = {
			isa = PBXGroup;
			children = (
				22AC09CD23925F0800B09C2B /* Model */,
				22AC09CF23925F1700B09C2B /* Controller */,
				22AC09CE23925F1000B09C2B /* View */,
				22AC09C723925F0200B09C2B /* Info.plist */,
				22AC09C223925F0200B09C2B /* Assets.xcassets */,
			);
			path = "On The Map";
			sourceTree = "<group>";
		};
		22AC09CD23925F0800B09C2B /* Model */ = {
			isa = PBXGroup;
			children = (
				22D7A5BF2393F03200766BEC /* Data */,
				22D7A5BC2393E59500766BEC /* Request */,
				227AAA062393CDFF00E8B475 /* Response */,
				227AAA032393C8D900E8B475 /* Client */,
			);
			path = Model;
			sourceTree = "<group>";
		};
		22AC09CE23925F1000B09C2B /* View */ = {
			isa = PBXGroup;
			children = (
				22AC09BF23925F0000B09C2B /* Main.storyboard */,
				22AC09C423925F0200B09C2B /* LaunchScreen.storyboard */,
			);
			path = View;
			sourceTree = "<group>";
		};
		22AC09CF23925F1700B09C2B /* Controller */ = {
			isa = PBXGroup;
			children = (
				22AC09B923925F0000B09C2B /* AppDelegate.swift */,
				22AC09BB23925F0000B09C2B /* SceneDelegate.swift */,
				22AC09BD23925F0000B09C2B /* LoginViewController.swift */,
				22D7A5BD2393E94300766BEC /* MapViewController.swift */,
				22D7A5C42393FA9F00766BEC /* ListViewController.swift */,
				22D7A5C8239411E100766BEC /* InputViewController.swift */,
			);
			path = Controller;
			sourceTree = "<group>";
		};
		22D7A5BC2393E59500766BEC /* Request */ = {
			isa = PBXGroup;
			children = (
				227AAA092393D86900E8B475 /* LoginRequest.swift */,
				22D7A5CC23942E0400766BEC /* CreateStudentLocationRequest.swift */,
			);
			path = Request;
			sourceTree = "<group>";
		};
		22D7A5BF2393F03200766BEC /* Data */ = {
			isa = PBXGroup;
			children = (
				22D7A5C02393F04800766BEC /* StudentLocation.swift */,
				22D7A5CA23942BED00766BEC /* OTMModel.swift */,
			);
			path = Data;
			sourceTree = "<group>";
		};
/* End PBXGroup section */

/* Begin PBXNativeTarget section */
		22AC09B523925F0000B09C2B /* On The Map */ = {
			isa = PBXNativeTarget;
			buildConfigurationList = 22AC09CA23925F0200B09C2B /* Build configuration list for PBXNativeTarget "On The Map" */;
			buildPhases = (
				22AC09B223925F0000B09C2B /* Sources */,
				22AC09B323925F0000B09C2B /* Frameworks */,
				22AC09B423925F0000B09C2B /* Resources */,
			);
			buildRules = (
			);
			dependencies = (
			);
			name = "On The Map";
			productName = "On The Map";
			productReference = 22AC09B623925F0000B09C2B /* On The Map.app */;
			productType = "com.apple.product-type.application";
		};
/* End PBXNativeTarget section */

/* Begin PBXProject section */
		22AC09AE23925F0000B09C2B /* Project object */ = {
			isa = PBXProject;
			attributes = {
				LastSwiftUpdateCheck = 1110;
				LastUpgradeCheck = 1110;
				ORGANIZATIONNAME = "Saeed Khader";
				TargetAttributes = {
					22AC09B523925F0000B09C2B = {
						CreatedOnToolsVersion = 11.1;
					};
				};
			};
			buildConfigurationList = 22AC09B123925F0000B09C2B /* Build configuration list for PBXProject "On The Map" */;
			compatibilityVersion = "Xcode 9.3";
			developmentRegion = en;
			hasScannedForEncodings = 0;
			knownRegions = (
				en,
				Base,
			);
			mainGroup = 22AC09AD23925F0000B09C2B;
			productRefGroup = 22AC09B723925F0000B09C2B /* Products */;
			projectDirPath = "";
			projectRoot = "";
			targets = (
				22AC09B523925F0000B09C2B /* On The Map */,
			);
		};
/* End PBXProject section */

/* Begin PBXResourcesBuildPhase section */
		22AC09B423925F0000B09C2B /* Resources */ = {
			isa = PBXResourcesBuildPhase;
			buildActionMask = 2147483647;
			files = (
				22AC09C623925F0200B09C2B /* LaunchScreen.storyboard in Resources */,
				22AC09C323925F0200B09C2B /* Assets.xcassets in Resources */,
				22AC09C123925F0000B09C2B /* Main.storyboard in Resources */,
			);
			runOnlyForDeploymentPostprocessing = 0;
		};
/* End PBXResourcesBuildPhase section */

/* Begin PBXSourcesBuildPhase section */
		22AC09B223925F0000B09C2B /* Sources */ = {
			isa = PBXSourcesBuildPhase;
			buildActionMask = 2147483647;
			files = (
				22D7A5CB23942BED00766BEC /* OTMModel.swift in Sources */,
				22D7A5C12393F04800766BEC /* StudentLocation.swift in Sources */,
				227AAA052393C8F400E8B475 /* UdacityClient.swift in Sources */,
				22AC09BE23925F0000B09C2B /* LoginViewController.swift in Sources */,
				22D7A5C9239411E100766BEC /* InputViewController.swift in Sources */,
				22AC09BA23925F0000B09C2B /* AppDelegate.swift in Sources */,
				227AAA0A2393D86900E8B475 /* LoginRequest.swift in Sources */,
				22D7A5C52393FA9F00766BEC /* ListViewController.swift in Sources */,
				22D7A5C32393F24400766BEC /* StudentLocationsResponse.swift in Sources */,
				22AC09BC23925F0000B09C2B /* SceneDelegate.swift in Sources */,
				227AAA082393CE1A00E8B475 /* LoginResponse.swift in Sources */,
				22C13CC5239637CA00EEB569 /* UpdateStudentLocationResponse.swift in Sources */,
				22D7A5BB2393E37F00766BEC /* ErrorResponse.swift in Sources */,
				22D7A5D023942EC500766BEC /* CreateStudentLocationResponse.swift in Sources */,
				22D7A5CD23942E0400766BEC /* CreateStudentLocationRequest.swift in Sources */,
				22D7A5D42394378100766BEC /* UserPublicDataResponse.swift in Sources */,
				22D7A5BE2393E94300766BEC /* MapViewController.swift in Sources */,
			);
			runOnlyForDeploymentPostprocessing = 0;
		};
/* End PBXSourcesBuildPhase section */

/* Begin PBXVariantGroup section */
		22AC09BF23925F0000B09C2B /* Main.storyboard */ = {
			isa = PBXVariantGroup;
			children = (
				22AC09C023925F0000B09C2B /* Base */,
			);
			name = Main.storyboard;
			sourceTree = "<group>";
		};
		22AC09C423925F0200B09C2B /* LaunchScreen.storyboard */ = {
			isa = PBXVariantGroup;
			children = (
				22AC09C523925F0200B09C2B /* Base */,
			);
			name = LaunchScreen.storyboard;
			sourceTree = "<group>";
		};
/* End PBXVariantGroup section */

/* Begin XCBuildConfiguration section */
		22AC09C823925F0200B09C2B /* Debug */ = {
			isa = XCBuildConfiguration;
			buildSettings = {
				ALWAYS_SEARCH_USER_PATHS = NO;
				CLANG_ANALYZER_NONNULL = YES;
				CLANG_ANALYZER_NUMBER_OBJECT_CONVERSION = YES_AGGRESSIVE;
				CLANG_CXX_LANGUAGE_STANDARD = "gnu++14";
				CLANG_CXX_LIBRARY = "libc++";
				CLANG_ENABLE_MODULES = YES;
				CLANG_ENABLE_OBJC_ARC = YES;
				CLANG_ENABLE_OBJC_WEAK = YES;
				CLANG_WARN_BLOCK_CAPTURE_AUTORELEASING = YES;
				CLANG_WARN_BOOL_CONVERSION = YES;
				CLANG_WARN_COMMA = YES;
				CLANG_WARN_CONSTANT_CONVERSION = YES;
				CLANG_WARN_DEPRECATED_OBJC_IMPLEMENTATIONS = YES;
				CLANG_WARN_DIRECT_OBJC_ISA_USAGE = YES_ERROR;
				CLANG_WARN_DOCUMENTATION_COMMENTS = YES;
				CLANG_WARN_EMPTY_BODY = YES;
				CLANG_WARN_ENUM_CONVERSION = YES;
				CLANG_WARN_INFINITE_RECURSION = YES;
				CLANG_WARN_INT_CONVERSION = YES;
				CLANG_WARN_NON_LITERAL_NULL_CONVERSION = YES;
				CLANG_WARN_OBJC_IMPLICIT_RETAIN_SELF = YES;
				CLANG_WARN_OBJC_LITERAL_CONVERSION = YES;
				CLANG_WARN_OBJC_ROOT_CLASS = YES_ERROR;
				CLANG_WARN_RANGE_LOOP_ANALYSIS = YES;
				CLANG_WARN_STRICT_PROTOTYPES = YES;
				CLANG_WARN_SUSPICIOUS_MOVE = YES;
				CLANG_WARN_UNGUARDED_AVAILABILITY = YES_AGGRESSIVE;
				CLANG_WARN_UNREACHABLE_CODE = YES;
				CLANG_WARN__DUPLICATE_METHOD_MATCH = YES;
				COPY_PHASE_STRIP = NO;
				DEBUG_INFORMATION_FORMAT = dwarf;
				ENABLE_STRICT_OBJC_MSGSEND = YES;
				ENABLE_TESTABILITY = YES;
				GCC_C_LANGUAGE_STANDARD = gnu11;
				GCC_DYNAMIC_NO_PIC = NO;
				GCC_NO_COMMON_BLOCKS = YES;
				GCC_OPTIMIZATION_LEVEL = 0;
				GCC_PREPROCESSOR_DEFINITIONS = (
					"DEBUG=1",
					"$(inherited)",
				);
				GCC_WARN_64_TO_32_BIT_CONVERSION = YES;
				GCC_WARN_ABOUT_RETURN_TYPE = YES_ERROR;
				GCC_WARN_UNDECLARED_SELECTOR = YES;
				GCC_WARN_UNINITIALIZED_AUTOS = YES_AGGRESSIVE;
				GCC_WARN_UNUSED_FUNCTION = YES;
				GCC_WARN_UNUSED_VARIABLE = YES;
				IPHONEOS_DEPLOYMENT_TARGET = 13.1;
				MTL_ENABLE_DEBUG_INFO = INCLUDE_SOURCE;
				MTL_FAST_MATH = YES;
				ONLY_ACTIVE_ARCH = YES;
				SDKROOT = iphoneos;
				SWIFT_ACTIVE_COMPILATION_CONDITIONS = DEBUG;
				SWIFT_OPTIMIZATION_LEVEL = "-Onone";
			};
			name = Debug;
		};
		22AC09C923925F0200B09C2B /* Release */ = {
			isa = XCBuildConfiguration;
			buildSettings = {
				ALWAYS_SEARCH_USER_PATHS = NO;
				CLANG_ANALYZER_NONNULL = YES;
				CLANG_ANALYZER_NUMBER_OBJECT_CONVERSION = YES_AGGRESSIVE;
				CLANG_CXX_LANGUAGE_STANDARD = "gnu++14";
				CLANG_CXX_LIBRARY = "libc++";
				CLANG_ENABLE_MODULES = YES;
				CLANG_ENABLE_OBJC_ARC = YES;
				CLANG_ENABLE_OBJC_WEAK = YES;
				CLANG_WARN_BLOCK_CAPTURE_AUTORELEASING = YES;
				CLANG_WARN_BOOL_CONVERSION = YES;
				CLANG_WARN_COMMA = YES;
				CLANG_WARN_CONSTANT_CONVERSION = YES;
				CLANG_WARN_DEPRECATED_OBJC_IMPLEMENTATIONS = YES;
				CLANG_WARN_DIRECT_OBJC_ISA_USAGE = YES_ERROR;
				CLANG_WARN_DOCUMENTATION_COMMENTS = YES;
				CLANG_WARN_EMPTY_BODY = YES;
				CLANG_WARN_ENUM_CONVERSION = YES;
				CLANG_WARN_INFINITE_RECURSION = YES;
				CLANG_WARN_INT_CONVERSION = YES;
				CLANG_WARN_NON_LITERAL_NULL_CONVERSION = YES;
				CLANG_WARN_OBJC_IMPLICIT_RETAIN_SELF = YES;
				CLANG_WARN_OBJC_LITERAL_CONVERSION = YES;
				CLANG_WARN_OBJC_ROOT_CLASS = YES_ERROR;
				CLANG_WARN_RANGE_LOOP_ANALYSIS = YES;
				CLANG_WARN_STRICT_PROTOTYPES = YES;
				CLANG_WARN_SUSPICIOUS_MOVE = YES;
				CLANG_WARN_UNGUARDED_AVAILABILITY = YES_AGGRESSIVE;
				CLANG_WARN_UNREACHABLE_CODE = YES;
				CLANG_WARN__DUPLICATE_METHOD_MATCH = YES;
				COPY_PHASE_STRIP = NO;
				DEBUG_INFORMATION_FORMAT = "dwarf-with-dsym";
				ENABLE_NS_ASSERTIONS = NO;
				ENABLE_STRICT_OBJC_MSGSEND = YES;
				GCC_C_LANGUAGE_STANDARD = gnu11;
				GCC_NO_COMMON_BLOCKS = YES;
				GCC_WARN_64_TO_32_BIT_CONVERSION = YES;
				GCC_WARN_ABOUT_RETURN_TYPE = YES_ERROR;
				GCC_WARN_UNDECLARED_SELECTOR = YES;
				GCC_WARN_UNINITIALIZED_AUTOS = YES_AGGRESSIVE;
				GCC_WARN_UNUSED_FUNCTION = YES;
				GCC_WARN_UNUSED_VARIABLE = YES;
				IPHONEOS_DEPLOYMENT_TARGET = 13.1;
				MTL_ENABLE_DEBUG_INFO = NO;
				MTL_FAST_MATH = YES;
				SDKROOT = iphoneos;
				SWIFT_COMPILATION_MODE = wholemodule;
				SWIFT_OPTIMIZATION_LEVEL = "-O";
				VALIDATE_PRODUCT = YES;
			};
			name = Release;
		};
		22AC09CB23925F0200B09C2B /* Debug */ = {
			isa = XCBuildConfiguration;
			buildSettings = {
				ASSETCATALOG_COMPILER_APPICON_NAME = AppIcon;
				CODE_SIGN_STYLE = Automatic;
				DEVELOPMENT_TEAM = 5QCPLH5Y9Y;
				INFOPLIST_FILE = "On The Map/Info.plist";
				LD_RUNPATH_SEARCH_PATHS = (
					"$(inherited)",
					"@executable_path/Frameworks",
				);
				PRODUCT_BUNDLE_IDENTIFIER = "SaeedKhader.On-The-Map";
				PRODUCT_NAME = "$(TARGET_NAME)";
				SWIFT_VERSION = 5.0;
				TARGETED_DEVICE_FAMILY = "1,2";
			};
			name = Debug;
		};
		22AC09CC23925F0200B09C2B /* Release */ = {
			isa = XCBuildConfiguration;
			buildSettings = {
				ASSETCATALOG_COMPILER_APPICON_NAME = AppIcon;
				CODE_SIGN_STYLE = Automatic;
				DEVELOPMENT_TEAM = 5QCPLH5Y9Y;
				INFOPLIST_FILE = "On The Map/Info.plist";
				LD_RUNPATH_SEARCH_PATHS = (
					"$(inherited)",
					"@executable_path/Frameworks",
				);
				PRODUCT_BUNDLE_IDENTIFIER = "SaeedKhader.On-The-Map";
				PRODUCT_NAME = "$(TARGET_NAME)";
				SWIFT_VERSION = 5.0;
				TARGETED_DEVICE_FAMILY = "1,2";
			};
			name = Release;
		};
/* End XCBuildConfiguration section */

/* Begin XCConfigurationList section */
		22AC09B123925F0000B09C2B /* Build configuration list for PBXProject "On The Map" */ = {
			isa = XCConfigurationList;
			buildConfigurations = (
				22AC09C823925F0200B09C2B /* Debug */,
				22AC09C923925F0200B09C2B /* Release */,
			);
			defaultConfigurationIsVisible = 0;
			defaultConfigurationName = Release;
		};
		22AC09CA23925F0200B09C2B /* Build configuration list for PBXNativeTarget "On The Map" */ = {
			isa = XCConfigurationList;
			buildConfigurations = (
				22AC09CB23925F0200B09C2B /* Debug */,
				22AC09CC23925F0200B09C2B /* Release */,
			);
			defaultConfigurationIsVisible = 0;
			defaultConfigurationName = Release;
		};
/* End XCConfigurationList section */
	};
	rootObject = 22AC09AE23925F0000B09C2B /* Project object */;
}
